// !$*UTF8*$!
{
	archiveVersion = 1;
	classes = {
	};
	objectVersion = 52;
	objects = {

/* Begin PBXBuildFile section */
		00F8F0C624AD74E80084027A /* NotificationCenter.framework in Frameworks */ = {isa = PBXBuildFile; fileRef = 00F8F0C524AD74E80084027A /* NotificationCenter.framework */; platformFilter = ios; };
		00F8F0C924AD74E80084027A /* TodayViewController.swift in Sources */ = {isa = PBXBuildFile; fileRef = 00F8F0C824AD74E80084027A /* TodayViewController.swift */; };
		00F8F0CC24AD74E80084027A /* MainInterface.storyboard in Resources */ = {isa = PBXBuildFile; fileRef = 00F8F0CA24AD74E80084027A /* MainInterface.storyboard */; };
		00F8F0D024AD74E80084027A /* MobXtension.appex in Embed App Extensions */ = {isa = PBXBuildFile; fileRef = 00F8F0C324AD74E80084027A /* MobXtension.appex */; platformFilter = ios; settings = {ATTRIBUTES = (RemoveHeadersOnCopy, ); }; };
		20AFC6BB24AD65070042AB86 /* AppDelegate.swift in Sources */ = {isa = PBXBuildFile; fileRef = 20AFC6BA24AD65070042AB86 /* AppDelegate.swift */; };
		20AFC6BD24AD65070042AB86 /* SceneDelegate.swift in Sources */ = {isa = PBXBuildFile; fileRef = 20AFC6BC24AD65070042AB86 /* SceneDelegate.swift */; };
		20AFC6BF24AD65070042AB86 /* ViewController.swift in Sources */ = {isa = PBXBuildFile; fileRef = 20AFC6BE24AD65070042AB86 /* ViewController.swift */; };
		20AFC6C224AD65070042AB86 /* Main.storyboard in Resources */ = {isa = PBXBuildFile; fileRef = 20AFC6C024AD65070042AB86 /* Main.storyboard */; };
		20AFC6C524AD65070042AB86 /* _020_07_01_Mob.xcdatamodeld in Sources */ = {isa = PBXBuildFile; fileRef = 20AFC6C324AD65070042AB86 /* _020_07_01_Mob.xcdatamodeld */; };
		20AFC6C724AD650A0042AB86 /* Assets.xcassets in Resources */ = {isa = PBXBuildFile; fileRef = 20AFC6C624AD650A0042AB86 /* Assets.xcassets */; };
		20AFC6CA24AD650A0042AB86 /* LaunchScreen.storyboard in Resources */ = {isa = PBXBuildFile; fileRef = 20AFC6C824AD650A0042AB86 /* LaunchScreen.storyboard */; };
		20AFC6D524AD650A0042AB86 /* _020_07_01_MobTests.swift in Sources */ = {isa = PBXBuildFile; fileRef = 20AFC6D424AD650A0042AB86 /* _020_07_01_MobTests.swift */; };
		20AFC6E024AD650A0042AB86 /* _020_07_01_MobUITests.swift in Sources */ = {isa = PBXBuildFile; fileRef = 20AFC6DF24AD650A0042AB86 /* _020_07_01_MobUITests.swift */; };
/* End PBXBuildFile section */

/* Begin PBXContainerItemProxy section */
		00F8F0CE24AD74E80084027A /* PBXContainerItemProxy */ = {
			isa = PBXContainerItemProxy;
			containerPortal = 20AFC6AF24AD65070042AB86 /* Project object */;
			proxyType = 1;
			remoteGlobalIDString = 00F8F0C224AD74E80084027A;
			remoteInfo = MobXtension;
		};
		20AFC6D124AD650A0042AB86 /* PBXContainerItemProxy */ = {
			isa = PBXContainerItemProxy;
			containerPortal = 20AFC6AF24AD65070042AB86 /* Project object */;
			proxyType = 1;
			remoteGlobalIDString = 20AFC6B624AD65070042AB86;
			remoteInfo = "2020-07-01 Mob";
		};
		20AFC6DC24AD650A0042AB86 /* PBXContainerItemProxy */ = {
			isa = PBXContainerItemProxy;
			containerPortal = 20AFC6AF24AD65070042AB86 /* Project object */;
			proxyType = 1;
			remoteGlobalIDString = 20AFC6B624AD65070042AB86;
			remoteInfo = "2020-07-01 Mob";
		};
/* End PBXContainerItemProxy section */

/* Begin PBXCopyFilesBuildPhase section */
		00F8F0D424AD74E80084027A /* Embed App Extensions */ = {
			isa = PBXCopyFilesBuildPhase;
			buildActionMask = 2147483647;
			dstPath = "";
			dstSubfolderSpec = 13;
			files = (
				00F8F0D024AD74E80084027A /* MobXtension.appex in Embed App Extensions */,
			);
			name = "Embed App Extensions";
			runOnlyForDeploymentPostprocessing = 0;
		};
/* End PBXCopyFilesBuildPhase section */

/* Begin PBXFileReference section */
		00F8F0BE24AD73B80084027A /* 2020-07-01 Mob.entitlements */ = {isa = PBXFileReference; lastKnownFileType = text.plist.entitlements; path = "2020-07-01 Mob.entitlements"; sourceTree = "<group>"; };
		00F8F0C324AD74E80084027A /* MobXtension.appex */ = {isa = PBXFileReference; explicitFileType = "wrapper.app-extension"; includeInIndex = 0; path = MobXtension.appex; sourceTree = BUILT_PRODUCTS_DIR; };
		00F8F0C524AD74E80084027A /* NotificationCenter.framework */ = {isa = PBXFileReference; lastKnownFileType = wrapper.framework; name = NotificationCenter.framework; path = System/Library/Frameworks/NotificationCenter.framework; sourceTree = SDKROOT; };
		00F8F0C824AD74E80084027A /* TodayViewController.swift */ = {isa = PBXFileReference; lastKnownFileType = sourcecode.swift; path = TodayViewController.swift; sourceTree = "<group>"; };
		00F8F0CB24AD74E80084027A /* Base */ = {isa = PBXFileReference; lastKnownFileType = file.storyboard; name = Base; path = Base.lproj/MainInterface.storyboard; sourceTree = "<group>"; };
		00F8F0CD24AD74E80084027A /* Info.plist */ = {isa = PBXFileReference; lastKnownFileType = text.plist.xml; path = Info.plist; sourceTree = "<group>"; };
		00F8F0D524AD74F40084027A /* MobXtension.entitlements */ = {isa = PBXFileReference; lastKnownFileType = text.plist.entitlements; path = MobXtension.entitlements; sourceTree = "<group>"; };
		20AFC6B724AD65070042AB86 /* 2020-07-01 Mob.app */ = {isa = PBXFileReference; explicitFileType = wrapper.application; includeInIndex = 0; path = "2020-07-01 Mob.app"; sourceTree = BUILT_PRODUCTS_DIR; };
		20AFC6BA24AD65070042AB86 /* AppDelegate.swift */ = {isa = PBXFileReference; lastKnownFileType = sourcecode.swift; path = AppDelegate.swift; sourceTree = "<group>"; };
		20AFC6BC24AD65070042AB86 /* SceneDelegate.swift */ = {isa = PBXFileReference; lastKnownFileType = sourcecode.swift; path = SceneDelegate.swift; sourceTree = "<group>"; };
		20AFC6BE24AD65070042AB86 /* ViewController.swift */ = {isa = PBXFileReference; lastKnownFileType = sourcecode.swift; path = ViewController.swift; sourceTree = "<group>"; };
		20AFC6C124AD65070042AB86 /* Base */ = {isa = PBXFileReference; lastKnownFileType = file.storyboard; name = Base; path = Base.lproj/Main.storyboard; sourceTree = "<group>"; };
		20AFC6C424AD65070042AB86 /* _020_07_01_Mob.xcdatamodel */ = {isa = PBXFileReference; lastKnownFileType = wrapper.xcdatamodel; path = _020_07_01_Mob.xcdatamodel; sourceTree = "<group>"; };
		20AFC6C624AD650A0042AB86 /* Assets.xcassets */ = {isa = PBXFileReference; lastKnownFileType = folder.assetcatalog; path = Assets.xcassets; sourceTree = "<group>"; };
		20AFC6C924AD650A0042AB86 /* Base */ = {isa = PBXFileReference; lastKnownFileType = file.storyboard; name = Base; path = Base.lproj/LaunchScreen.storyboard; sourceTree = "<group>"; };
		20AFC6CB24AD650A0042AB86 /* Info.plist */ = {isa = PBXFileReference; lastKnownFileType = text.plist.xml; path = Info.plist; sourceTree = "<group>"; };
		20AFC6D024AD650A0042AB86 /* 2020-07-01 MobTests.xctest */ = {isa = PBXFileReference; explicitFileType = wrapper.cfbundle; includeInIndex = 0; path = "2020-07-01 MobTests.xctest"; sourceTree = BUILT_PRODUCTS_DIR; };
		20AFC6D424AD650A0042AB86 /* _020_07_01_MobTests.swift */ = {isa = PBXFileReference; lastKnownFileType = sourcecode.swift; path = _020_07_01_MobTests.swift; sourceTree = "<group>"; };
		20AFC6D624AD650A0042AB86 /* Info.plist */ = {isa = PBXFileReference; lastKnownFileType = text.plist.xml; path = Info.plist; sourceTree = "<group>"; };
		20AFC6DB24AD650A0042AB86 /* 2020-07-01 MobUITests.xctest */ = {isa = PBXFileReference; explicitFileType = wrapper.cfbundle; includeInIndex = 0; path = "2020-07-01 MobUITests.xctest"; sourceTree = BUILT_PRODUCTS_DIR; };
		20AFC6DF24AD650A0042AB86 /* _020_07_01_MobUITests.swift */ = {isa = PBXFileReference; lastKnownFileType = sourcecode.swift; path = _020_07_01_MobUITests.swift; sourceTree = "<group>"; };
		20AFC6E124AD650A0042AB86 /* Info.plist */ = {isa = PBXFileReference; lastKnownFileType = text.plist.xml; path = Info.plist; sourceTree = "<group>"; };
		20AFC6ED24AD68200042AB86 /* README.md */ = {isa = PBXFileReference; lastKnownFileType = net.daringfireball.markdown; path = README.md; sourceTree = "<group>"; };
/* End PBXFileReference section */

/* Begin PBXFrameworksBuildPhase section */
		00F8F0C024AD74E80084027A /* Frameworks */ = {
			isa = PBXFrameworksBuildPhase;
			buildActionMask = 2147483647;
			files = (
				00F8F0C624AD74E80084027A /* NotificationCenter.framework in Frameworks */,
			);
			runOnlyForDeploymentPostprocessing = 0;
		};
		20AFC6B424AD65070042AB86 /* Frameworks */ = {
			isa = PBXFrameworksBuildPhase;
			buildActionMask = 2147483647;
			files = (
			);
			runOnlyForDeploymentPostprocessing = 0;
		};
		20AFC6CD24AD650A0042AB86 /* Frameworks */ = {
			isa = PBXFrameworksBuildPhase;
			buildActionMask = 2147483647;
			files = (
			);
			runOnlyForDeploymentPostprocessing = 0;
		};
		20AFC6D824AD650A0042AB86 /* Frameworks */ = {
			isa = PBXFrameworksBuildPhase;
			buildActionMask = 2147483647;
			files = (
			);
			runOnlyForDeploymentPostprocessing = 0;
		};
/* End PBXFrameworksBuildPhase section */

/* Begin PBXGroup section */
		00F8F0C424AD74E80084027A /* Frameworks */ = {
			isa = PBXGroup;
			children = (
				00F8F0C524AD74E80084027A /* NotificationCenter.framework */,
			);
			name = Frameworks;
			sourceTree = "<group>";
		};
		00F8F0C724AD74E80084027A /* MobXtension */ = {
			isa = PBXGroup;
			children = (
				00F8F0D524AD74F40084027A /* MobXtension.entitlements */,
				00F8F0C824AD74E80084027A /* TodayViewController.swift */,
				00F8F0CA24AD74E80084027A /* MainInterface.storyboard */,
				00F8F0CD24AD74E80084027A /* Info.plist */,
			);
			path = MobXtension;
			sourceTree = "<group>";
		};
		20AFC6AE24AD65070042AB86 = {
			isa = PBXGroup;
			children = (
				20AFC6B924AD65070042AB86 /* 2020-07-01 Mob */,
				20AFC6D324AD650A0042AB86 /* 2020-07-01 MobTests */,
				20AFC6DE24AD650A0042AB86 /* 2020-07-01 MobUITests */,
				00F8F0C724AD74E80084027A /* MobXtension */,
				00F8F0C424AD74E80084027A /* Frameworks */,
				20AFC6B824AD65070042AB86 /* Products */,
			);
			sourceTree = "<group>";
		};
		20AFC6B824AD65070042AB86 /* Products */ = {
			isa = PBXGroup;
			children = (
				20AFC6B724AD65070042AB86 /* 2020-07-01 Mob.app */,
				20AFC6D024AD650A0042AB86 /* 2020-07-01 MobTests.xctest */,
				20AFC6DB24AD650A0042AB86 /* 2020-07-01 MobUITests.xctest */,
				00F8F0C324AD74E80084027A /* MobXtension.appex */,
			);
			name = Products;
			sourceTree = "<group>";
		};
		20AFC6B924AD65070042AB86 /* 2020-07-01 Mob */ = {
			isa = PBXGroup;
			children = (
				00F8F0BE24AD73B80084027A /* 2020-07-01 Mob.entitlements */,
				20AFC6ED24AD68200042AB86 /* README.md */,
				20AFC6BA24AD65070042AB86 /* AppDelegate.swift */,
				20AFC6BC24AD65070042AB86 /* SceneDelegate.swift */,
				20AFC6BE24AD65070042AB86 /* ViewController.swift */,
				20AFC6C024AD65070042AB86 /* Main.storyboard */,
				20AFC6C624AD650A0042AB86 /* Assets.xcassets */,
				20AFC6C824AD650A0042AB86 /* LaunchScreen.storyboard */,
				20AFC6CB24AD650A0042AB86 /* Info.plist */,
				20AFC6C324AD65070042AB86 /* _020_07_01_Mob.xcdatamodeld */,
			);
			path = "2020-07-01 Mob";
			sourceTree = "<group>";
		};
		20AFC6D324AD650A0042AB86 /* 2020-07-01 MobTests */ = {
			isa = PBXGroup;
			children = (
				20AFC6D424AD650A0042AB86 /* _020_07_01_MobTests.swift */,
				20AFC6D624AD650A0042AB86 /* Info.plist */,
			);
			path = "2020-07-01 MobTests";
			sourceTree = "<group>";
		};
		20AFC6DE24AD650A0042AB86 /* 2020-07-01 MobUITests */ = {
			isa = PBXGroup;
			children = (
				20AFC6DF24AD650A0042AB86 /* _020_07_01_MobUITests.swift */,
				20AFC6E124AD650A0042AB86 /* Info.plist */,
			);
			path = "2020-07-01 MobUITests";
			sourceTree = "<group>";
		};
/* End PBXGroup section */

/* Begin PBXNativeTarget section */
		00F8F0C224AD74E80084027A /* MobXtension */ = {
			isa = PBXNativeTarget;
			buildConfigurationList = 00F8F0D124AD74E80084027A /* Build configuration list for PBXNativeTarget "MobXtension" */;
			buildPhases = (
				00F8F0BF24AD74E80084027A /* Sources */,
				00F8F0C024AD74E80084027A /* Frameworks */,
				00F8F0C124AD74E80084027A /* Resources */,
			);
			buildRules = (
			);
			dependencies = (
			);
			name = MobXtension;
			productName = MobXtension;
			productReference = 00F8F0C324AD74E80084027A /* MobXtension.appex */;
			productType = "com.apple.product-type.app-extension";
		};
		20AFC6B624AD65070042AB86 /* 2020-07-01 Mob */ = {
			isa = PBXNativeTarget;
			buildConfigurationList = 20AFC6E424AD650A0042AB86 /* Build configuration list for PBXNativeTarget "2020-07-01 Mob" */;
			buildPhases = (
				20AFC6B324AD65070042AB86 /* Sources */,
				20AFC6B424AD65070042AB86 /* Frameworks */,
				20AFC6B524AD65070042AB86 /* Resources */,
				00F8F0D424AD74E80084027A /* Embed App Extensions */,
			);
			buildRules = (
			);
			dependencies = (
				00F8F0CF24AD74E80084027A /* PBXTargetDependency */,
			);
			name = "2020-07-01 Mob";
			productName = "2020-07-01 Mob";
			productReference = 20AFC6B724AD65070042AB86 /* 2020-07-01 Mob.app */;
			productType = "com.apple.product-type.application";
		};
		20AFC6CF24AD650A0042AB86 /* 2020-07-01 MobTests */ = {
			isa = PBXNativeTarget;
			buildConfigurationList = 20AFC6E724AD650A0042AB86 /* Build configuration list for PBXNativeTarget "2020-07-01 MobTests" */;
			buildPhases = (
				20AFC6CC24AD650A0042AB86 /* Sources */,
				20AFC6CD24AD650A0042AB86 /* Frameworks */,
				20AFC6CE24AD650A0042AB86 /* Resources */,
			);
			buildRules = (
			);
			dependencies = (
				20AFC6D224AD650A0042AB86 /* PBXTargetDependency */,
			);
			name = "2020-07-01 MobTests";
			productName = "2020-07-01 MobTests";
			productReference = 20AFC6D024AD650A0042AB86 /* 2020-07-01 MobTests.xctest */;
			productType = "com.apple.product-type.bundle.unit-test";
		};
		20AFC6DA24AD650A0042AB86 /* 2020-07-01 MobUITests */ = {
			isa = PBXNativeTarget;
			buildConfigurationList = 20AFC6EA24AD650A0042AB86 /* Build configuration list for PBXNativeTarget "2020-07-01 MobUITests" */;
			buildPhases = (
				20AFC6D724AD650A0042AB86 /* Sources */,
				20AFC6D824AD650A0042AB86 /* Frameworks */,
				20AFC6D924AD650A0042AB86 /* Resources */,
			);
			buildRules = (
			);
			dependencies = (
				20AFC6DD24AD650A0042AB86 /* PBXTargetDependency */,
			);
			name = "2020-07-01 MobUITests";
			productName = "2020-07-01 MobUITests";
			productReference = 20AFC6DB24AD650A0042AB86 /* 2020-07-01 MobUITests.xctest */;
			productType = "com.apple.product-type.bundle.ui-testing";
		};
/* End PBXNativeTarget section */

/* Begin PBXProject section */
		20AFC6AF24AD65070042AB86 /* Project object */ = {
			isa = PBXProject;
			attributes = {
				LastSwiftUpdateCheck = 1150;
				LastUpgradeCheck = 1150;
				ORGANIZATIONNAME = "Sam Foulger";
				TargetAttributes = {
					00F8F0C224AD74E80084027A = {
						CreatedOnToolsVersion = 11.5;
					};
					20AFC6B624AD65070042AB86 = {
						CreatedOnToolsVersion = 11.5;
					};
					20AFC6CF24AD650A0042AB86 = {
						CreatedOnToolsVersion = 11.5;
						TestTargetID = 20AFC6B624AD65070042AB86;
					};
					20AFC6DA24AD650A0042AB86 = {
						CreatedOnToolsVersion = 11.5;
						TestTargetID = 20AFC6B624AD65070042AB86;
					};
				};
			};
			buildConfigurationList = 20AFC6B224AD65070042AB86 /* Build configuration list for PBXProject "2020-07-01 Mob" */;
			compatibilityVersion = "Xcode 9.3";
			developmentRegion = en;
			hasScannedForEncodings = 0;
			knownRegions = (
				en,
				Base,
			);
			mainGroup = 20AFC6AE24AD65070042AB86;
			productRefGroup = 20AFC6B824AD65070042AB86 /* Products */;
			projectDirPath = "";
			projectRoot = "";
			targets = (
				20AFC6B624AD65070042AB86 /* 2020-07-01 Mob */,
				20AFC6CF24AD650A0042AB86 /* 2020-07-01 MobTests */,
				20AFC6DA24AD650A0042AB86 /* 2020-07-01 MobUITests */,
				00F8F0C224AD74E80084027A /* MobXtension */,
			);
		};
/* End PBXProject section */

/* Begin PBXResourcesBuildPhase section */
		00F8F0C124AD74E80084027A /* Resources */ = {
			isa = PBXResourcesBuildPhase;
			buildActionMask = 2147483647;
			files = (
				00F8F0CC24AD74E80084027A /* MainInterface.storyboard in Resources */,
			);
			runOnlyForDeploymentPostprocessing = 0;
		};
		20AFC6B524AD65070042AB86 /* Resources */ = {
			isa = PBXResourcesBuildPhase;
			buildActionMask = 2147483647;
			files = (
				20AFC6CA24AD650A0042AB86 /* LaunchScreen.storyboard in Resources */,
				20AFC6C724AD650A0042AB86 /* Assets.xcassets in Resources */,
				20AFC6C224AD65070042AB86 /* Main.storyboard in Resources */,
			);
			runOnlyForDeploymentPostprocessing = 0;
		};
		20AFC6CE24AD650A0042AB86 /* Resources */ = {
			isa = PBXResourcesBuildPhase;
			buildActionMask = 2147483647;
			files = (
			);
			runOnlyForDeploymentPostprocessing = 0;
		};
		20AFC6D924AD650A0042AB86 /* Resources */ = {
			isa = PBXResourcesBuildPhase;
			buildActionMask = 2147483647;
			files = (
			);
			runOnlyForDeploymentPostprocessing = 0;
		};
/* End PBXResourcesBuildPhase section */

/* Begin PBXSourcesBuildPhase section */
		00F8F0BF24AD74E80084027A /* Sources */ = {
			isa = PBXSourcesBuildPhase;
			buildActionMask = 2147483647;
			files = (
				00F8F0C924AD74E80084027A /* TodayViewController.swift in Sources */,
			);
			runOnlyForDeploymentPostprocessing = 0;
		};
		20AFC6B324AD65070042AB86 /* Sources */ = {
			isa = PBXSourcesBuildPhase;
			buildActionMask = 2147483647;
			files = (
				20AFC6BF24AD65070042AB86 /* ViewController.swift in Sources */,
				20AFC6BB24AD65070042AB86 /* AppDelegate.swift in Sources */,
				20AFC6BD24AD65070042AB86 /* SceneDelegate.swift in Sources */,
				20AFC6C524AD65070042AB86 /* _020_07_01_Mob.xcdatamodeld in Sources */,
			);
			runOnlyForDeploymentPostprocessing = 0;
		};
		20AFC6CC24AD650A0042AB86 /* Sources */ = {
			isa = PBXSourcesBuildPhase;
			buildActionMask = 2147483647;
			files = (
				20AFC6D524AD650A0042AB86 /* _020_07_01_MobTests.swift in Sources */,
			);
			runOnlyForDeploymentPostprocessing = 0;
		};
		20AFC6D724AD650A0042AB86 /* Sources */ = {
			isa = PBXSourcesBuildPhase;
			buildActionMask = 2147483647;
			files = (
				20AFC6E024AD650A0042AB86 /* _020_07_01_MobUITests.swift in Sources */,
			);
			runOnlyForDeploymentPostprocessing = 0;
		};
/* End PBXSourcesBuildPhase section */

/* Begin PBXTargetDependency section */
		00F8F0CF24AD74E80084027A /* PBXTargetDependency */ = {
			isa = PBXTargetDependency;
			target = 00F8F0C224AD74E80084027A /* MobXtension */;
			targetProxy = 00F8F0CE24AD74E80084027A /* PBXContainerItemProxy */;
		};
		20AFC6D224AD650A0042AB86 /* PBXTargetDependency */ = {
			isa = PBXTargetDependency;
			target = 20AFC6B624AD65070042AB86 /* 2020-07-01 Mob */;
			targetProxy = 20AFC6D124AD650A0042AB86 /* PBXContainerItemProxy */;
		};
		20AFC6DD24AD650A0042AB86 /* PBXTargetDependency */ = {
			isa = PBXTargetDependency;
			target = 20AFC6B624AD65070042AB86 /* 2020-07-01 Mob */;
			targetProxy = 20AFC6DC24AD650A0042AB86 /* PBXContainerItemProxy */;
		};
/* End PBXTargetDependency section */

/* Begin PBXVariantGroup section */
		00F8F0CA24AD74E80084027A /* MainInterface.storyboard */ = {
			isa = PBXVariantGroup;
			children = (
				00F8F0CB24AD74E80084027A /* Base */,
			);
			name = MainInterface.storyboard;
			sourceTree = "<group>";
		};
		20AFC6C024AD65070042AB86 /* Main.storyboard */ = {
			isa = PBXVariantGroup;
			children = (
				20AFC6C124AD65070042AB86 /* Base */,
			);
			name = Main.storyboard;
			sourceTree = "<group>";
		};
		20AFC6C824AD650A0042AB86 /* LaunchScreen.storyboard */ = {
			isa = PBXVariantGroup;
			children = (
				20AFC6C924AD650A0042AB86 /* Base */,
			);
			name = LaunchScreen.storyboard;
			sourceTree = "<group>";
		};
/* End PBXVariantGroup section */

/* Begin XCBuildConfiguration section */
		00F8F0D224AD74E80084027A /* Debug */ = {
			isa = XCBuildConfiguration;
			buildSettings = {
				CODE_SIGN_ENTITLEMENTS = MobXtension/MobXtension.entitlements;
				CODE_SIGN_STYLE = Automatic;
				DEVELOPMENT_TEAM = NQ5FBJE8P8;
				INFOPLIST_FILE = MobXtension/Info.plist;
				LD_RUNPATH_SEARCH_PATHS = (
					"$(inherited)",
					"@executable_path/Frameworks",
					"@executable_path/../../Frameworks",
				);
				PRODUCT_BUNDLE_IDENTIFIER = "com.samfoulger.-020-07-01-Mob.MobXtension";
				PRODUCT_NAME = "$(TARGET_NAME)";
				SKIP_INSTALL = YES;
				SUPPORTS_MACCATALYST = YES;
				SWIFT_VERSION = 5.0;
				TARGETED_DEVICE_FAMILY = "1,2";
			};
			name = Debug;
		};
		00F8F0D324AD74E80084027A /* Release */ = {
			isa = XCBuildConfiguration;
			buildSettings = {
				CODE_SIGN_ENTITLEMENTS = MobXtension/MobXtension.entitlements;
				CODE_SIGN_STYLE = Automatic;
				DEVELOPMENT_TEAM = NQ5FBJE8P8;
				INFOPLIST_FILE = MobXtension/Info.plist;
				LD_RUNPATH_SEARCH_PATHS = (
					"$(inherited)",
					"@executable_path/Frameworks",
					"@executable_path/../../Frameworks",
				);
				PRODUCT_BUNDLE_IDENTIFIER = "com.samfoulger.-020-07-01-Mob.MobXtension";
				PRODUCT_NAME = "$(TARGET_NAME)";
				SKIP_INSTALL = YES;
				SUPPORTS_MACCATALYST = YES;
				SWIFT_VERSION = 5.0;
				TARGETED_DEVICE_FAMILY = "1,2";
			};
			name = Release;
		};
		20AFC6E224AD650A0042AB86 /* Debug */ = {
			isa = XCBuildConfiguration;
			buildSettings = {
				ALWAYS_SEARCH_USER_PATHS = NO;
				CLANG_ANALYZER_NONNULL = YES;
				CLANG_ANALYZER_NUMBER_OBJECT_CONVERSION = YES_AGGRESSIVE;
				CLANG_CXX_LANGUAGE_STANDARD = "gnu++14";
				CLANG_CXX_LIBRARY = "libc++";
				CLANG_ENABLE_MODULES = YES;
				CLANG_ENABLE_OBJC_ARC = YES;
				CLANG_ENABLE_OBJC_WEAK = YES;
				CLANG_WARN_BLOCK_CAPTURE_AUTORELEASING = YES;
				CLANG_WARN_BOOL_CONVERSION = YES;
				CLANG_WARN_COMMA = YES;
				CLANG_WARN_CONSTANT_CONVERSION = YES;
				CLANG_WARN_DEPRECATED_OBJC_IMPLEMENTATIONS = YES;
				CLANG_WARN_DIRECT_OBJC_ISA_USAGE = YES_ERROR;
				CLANG_WARN_DOCUMENTATION_COMMENTS = YES;
				CLANG_WARN_EMPTY_BODY = YES;
				CLANG_WARN_ENUM_CONVERSION = YES;
				CLANG_WARN_INFINITE_RECURSION = YES;
				CLANG_WARN_INT_CONVERSION = YES;
				CLANG_WARN_NON_LITERAL_NULL_CONVERSION = YES;
				CLANG_WARN_OBJC_IMPLICIT_RETAIN_SELF = YES;
				CLANG_WARN_OBJC_LITERAL_CONVERSION = YES;
				CLANG_WARN_OBJC_ROOT_CLASS = YES_ERROR;
				CLANG_WARN_RANGE_LOOP_ANALYSIS = YES;
				CLANG_WARN_STRICT_PROTOTYPES = YES;
				CLANG_WARN_SUSPICIOUS_MOVE = YES;
				CLANG_WARN_UNGUARDED_AVAILABILITY = YES_AGGRESSIVE;
				CLANG_WARN_UNREACHABLE_CODE = YES;
				CLANG_WARN__DUPLICATE_METHOD_MATCH = YES;
				COPY_PHASE_STRIP = NO;
				DEBUG_INFORMATION_FORMAT = dwarf;
				ENABLE_STRICT_OBJC_MSGSEND = YES;
				ENABLE_TESTABILITY = YES;
				GCC_C_LANGUAGE_STANDARD = gnu11;
				GCC_DYNAMIC_NO_PIC = NO;
				GCC_NO_COMMON_BLOCKS = YES;
				GCC_OPTIMIZATION_LEVEL = 0;
				GCC_PREPROCESSOR_DEFINITIONS = (
					"DEBUG=1",
					"$(inherited)",
				);
				GCC_WARN_64_TO_32_BIT_CONVERSION = YES;
				GCC_WARN_ABOUT_RETURN_TYPE = YES_ERROR;
				GCC_WARN_UNDECLARED_SELECTOR = YES;
				GCC_WARN_UNINITIALIZED_AUTOS = YES_AGGRESSIVE;
				GCC_WARN_UNUSED_FUNCTION = YES;
				GCC_WARN_UNUSED_VARIABLE = YES;
				IPHONEOS_DEPLOYMENT_TARGET = 13.5;
				MTL_ENABLE_DEBUG_INFO = INCLUDE_SOURCE;
				MTL_FAST_MATH = YES;
				ONLY_ACTIVE_ARCH = YES;
				SDKROOT = iphoneos;
				SWIFT_ACTIVE_COMPILATION_CONDITIONS = DEBUG;
				SWIFT_OPTIMIZATION_LEVEL = "-Onone";
			};
			name = Debug;
		};
		20AFC6E324AD650A0042AB86 /* Release */ = {
			isa = XCBuildConfiguration;
			buildSettings = {
				ALWAYS_SEARCH_USER_PATHS = NO;
				CLANG_ANALYZER_NONNULL = YES;
				CLANG_ANALYZER_NUMBER_OBJECT_CONVERSION = YES_AGGRESSIVE;
				CLANG_CXX_LANGUAGE_STANDARD = "gnu++14";
				CLANG_CXX_LIBRARY = "libc++";
				CLANG_ENABLE_MODULES = YES;
				CLANG_ENABLE_OBJC_ARC = YES;
				CLANG_ENABLE_OBJC_WEAK = YES;
				CLANG_WARN_BLOCK_CAPTURE_AUTORELEASING = YES;
				CLANG_WARN_BOOL_CONVERSION = YES;
				CLANG_WARN_COMMA = YES;
				CLANG_WARN_CONSTANT_CONVERSION = YES;
				CLANG_WARN_DEPRECATED_OBJC_IMPLEMENTATIONS = YES;
				CLANG_WARN_DIRECT_OBJC_ISA_USAGE = YES_ERROR;
				CLANG_WARN_DOCUMENTATION_COMMENTS = YES;
				CLANG_WARN_EMPTY_BODY = YES;
				CLANG_WARN_ENUM_CONVERSION = YES;
				CLANG_WARN_INFINITE_RECURSION = YES;
				CLANG_WARN_INT_CONVERSION = YES;
				CLANG_WARN_NON_LITERAL_NULL_CONVERSION = YES;
				CLANG_WARN_OBJC_IMPLICIT_RETAIN_SELF = YES;
				CLANG_WARN_OBJC_LITERAL_CONVERSION = YES;
				CLANG_WARN_OBJC_ROOT_CLASS = YES_ERROR;
				CLANG_WARN_RANGE_LOOP_ANALYSIS = YES;
				CLANG_WARN_STRICT_PROTOTYPES = YES;
				CLANG_WARN_SUSPICIOUS_MOVE = YES;
				CLANG_WARN_UNGUARDED_AVAILABILITY = YES_AGGRESSIVE;
				CLANG_WARN_UNREACHABLE_CODE = YES;
				CLANG_WARN__DUPLICATE_METHOD_MATCH = YES;
				COPY_PHASE_STRIP = NO;
				DEBUG_INFORMATION_FORMAT = "dwarf-with-dsym";
				ENABLE_NS_ASSERTIONS = NO;
				ENABLE_STRICT_OBJC_MSGSEND = YES;
				GCC_C_LANGUAGE_STANDARD = gnu11;
				GCC_NO_COMMON_BLOCKS = YES;
				GCC_WARN_64_TO_32_BIT_CONVERSION = YES;
				GCC_WARN_ABOUT_RETURN_TYPE = YES_ERROR;
				GCC_WARN_UNDECLARED_SELECTOR = YES;
				GCC_WARN_UNINITIALIZED_AUTOS = YES_AGGRESSIVE;
				GCC_WARN_UNUSED_FUNCTION = YES;
				GCC_WARN_UNUSED_VARIABLE = YES;
				IPHONEOS_DEPLOYMENT_TARGET = 13.5;
				MTL_ENABLE_DEBUG_INFO = NO;
				MTL_FAST_MATH = YES;
				SDKROOT = iphoneos;
				SWIFT_COMPILATION_MODE = wholemodule;
				SWIFT_OPTIMIZATION_LEVEL = "-O";
				VALIDATE_PRODUCT = YES;
			};
			name = Release;
		};
		20AFC6E524AD650A0042AB86 /* Debug */ = {
			isa = XCBuildConfiguration;
			buildSettings = {
				ALWAYS_EMBED_SWIFT_STANDARD_LIBRARIES = YES;
				ASSETCATALOG_COMPILER_APPICON_NAME = AppIcon;
				CODE_SIGN_ENTITLEMENTS = "2020-07-01 Mob/2020-07-01 Mob.entitlements";
				CODE_SIGN_STYLE = Automatic;
				DEVELOPMENT_TEAM = NQ5FBJE8P8;
				INFOPLIST_FILE = "2020-07-01 Mob/Info.plist";
				LD_RUNPATH_SEARCH_PATHS = (
					"$(inherited)",
					"@executable_path/Frameworks",
				);
				PRODUCT_BUNDLE_IDENTIFIER = "com.samfoulger.-020-07-01-Mob";
				PRODUCT_NAME = "$(TARGET_NAME)";
				SUPPORTS_MACCATALYST = YES;
				SWIFT_VERSION = 5.0;
				TARGETED_DEVICE_FAMILY = "1,2";
			};
			name = Debug;
		};
		20AFC6E624AD650A0042AB86 /* Release */ = {
			isa = XCBuildConfiguration;
			buildSettings = {
				ALWAYS_EMBED_SWIFT_STANDARD_LIBRARIES = YES;
				ASSETCATALOG_COMPILER_APPICON_NAME = AppIcon;
				CODE_SIGN_ENTITLEMENTS = "2020-07-01 Mob/2020-07-01 Mob.entitlements";
				CODE_SIGN_STYLE = Automatic;
				DEVELOPMENT_TEAM = LF42FY64G6;
				INFOPLIST_FILE = "2020-07-01 Mob/Info.plist";
				LD_RUNPATH_SEARCH_PATHS = (
					"$(inherited)",
					"@executable_path/Frameworks",
				);
				PRODUCT_BUNDLE_IDENTIFIER = "com.samfoulger.-020-07-01-Mob";
				PRODUCT_NAME = "$(TARGET_NAME)";
				SUPPORTS_MACCATALYST = YES;
				SWIFT_VERSION = 5.0;
				TARGETED_DEVICE_FAMILY = "1,2";
			};
			name = Release;
		};
		20AFC6E824AD650A0042AB86 /* Debug */ = {
			isa = XCBuildConfiguration;
			buildSettings = {
				ALWAYS_EMBED_SWIFT_STANDARD_LIBRARIES = YES;
				BUNDLE_LOADER = "$(TEST_HOST)";
				CODE_SIGN_STYLE = Automatic;
				DEVELOPMENT_TEAM = LF42FY64G6;
				INFOPLIST_FILE = "2020-07-01 MobTests/Info.plist";
				IPHONEOS_DEPLOYMENT_TARGET = 13.5;
				LD_RUNPATH_SEARCH_PATHS = (
					"$(inherited)",
					"@executable_path/Frameworks",
					"@loader_path/Frameworks",
				);
				PRODUCT_BUNDLE_IDENTIFIER = "com.samfoulger.-020-07-01-MobTests";
				PRODUCT_NAME = "$(TARGET_NAME)";
				SWIFT_VERSION = 5.0;
				TARGETED_DEVICE_FAMILY = "1,2";
				TEST_HOST = "$(BUILT_PRODUCTS_DIR)/2020-07-01 Mob.app/2020-07-01 Mob";
			};
			name = Debug;
		};
		20AFC6E924AD650A0042AB86 /* Release */ = {
			isa = XCBuildConfiguration;
			buildSettings = {
				ALWAYS_EMBED_SWIFT_STANDARD_LIBRARIES = YES;
				BUNDLE_LOADER = "$(TEST_HOST)";
				CODE_SIGN_STYLE = Automatic;
				DEVELOPMENT_TEAM = LF42FY64G6;
				INFOPLIST_FILE = "2020-07-01 MobTests/Info.plist";
				IPHONEOS_DEPLOYMENT_TARGET = 13.5;
				LD_RUNPATH_SEARCH_PATHS = (
					"$(inherited)",
					"@executable_path/Frameworks",
					"@loader_path/Frameworks",
				);
				PRODUCT_BUNDLE_IDENTIFIER = "com.samfoulger.-020-07-01-MobTests";
				PRODUCT_NAME = "$(TARGET_NAME)";
				SWIFT_VERSION = 5.0;
				TARGETED_DEVICE_FAMILY = "1,2";
				TEST_HOST = "$(BUILT_PRODUCTS_DIR)/2020-07-01 Mob.app/2020-07-01 Mob";
			};
			name = Release;
		};
		20AFC6EB24AD650A0042AB86 /* Debug */ = {
			isa = XCBuildConfiguration;
			buildSettings = {
				ALWAYS_EMBED_SWIFT_STANDARD_LIBRARIES = YES;
				CODE_SIGN_STYLE = Automatic;
				DEVELOPMENT_TEAM = LF42FY64G6;
				INFOPLIST_FILE = "2020-07-01 MobUITests/Info.plist";
				LD_RUNPATH_SEARCH_PATHS = (
					"$(inherited)",
					"@executable_path/Frameworks",
					"@loader_path/Frameworks",
				);
				PRODUCT_BUNDLE_IDENTIFIER = "com.samfoulger.-020-07-01-MobUITests";
				PRODUCT_NAME = "$(TARGET_NAME)";
				SWIFT_VERSION = 5.0;
				TARGETED_DEVICE_FAMILY = "1,2";
				TEST_TARGET_NAME = "2020-07-01 Mob";
			};
			name = Debug;
		};
		20AFC6EC24AD650A0042AB86 /* Release */ = {
			isa = XCBuildConfiguration;
			buildSettings = {
				ALWAYS_EMBED_SWIFT_STANDARD_LIBRARIES = YES;
				CODE_SIGN_STYLE = Automatic;
				DEVELOPMENT_TEAM = LF42FY64G6;
				INFOPLIST_FILE = "2020-07-01 MobUITests/Info.plist";
				LD_RUNPATH_SEARCH_PATHS = (
					"$(inherited)",
					"@executable_path/Frameworks",
					"@loader_path/Frameworks",
				);
				PRODUCT_BUNDLE_IDENTIFIER = "com.samfoulger.-020-07-01-MobUITests";
				PRODUCT_NAME = "$(TARGET_NAME)";
				SWIFT_VERSION = 5.0;
				TARGETED_DEVICE_FAMILY = "1,2";
				TEST_TARGET_NAME = "2020-07-01 Mob";
			};
			name = Release;
		};
/* End XCBuildConfiguration section */

/* Begin XCConfigurationList section */
		00F8F0D124AD74E80084027A /* Build configuration list for PBXNativeTarget "MobXtension" */ = {
			isa = XCConfigurationList;
			buildConfigurations = (
				00F8F0D224AD74E80084027A /* Debug */,
				00F8F0D324AD74E80084027A /* Release */,
			);
			defaultConfigurationIsVisible = 0;
			defaultConfigurationName = Release;
		};
		20AFC6B224AD65070042AB86 /* Build configuration list for PBXProject "2020-07-01 Mob" */ = {
			isa = XCConfigurationList;
			buildConfigurations = (
				20AFC6E224AD650A0042AB86 /* Debug */,
				20AFC6E324AD650A0042AB86 /* Release */,
			);
			defaultConfigurationIsVisible = 0;
			defaultConfigurationName = Release;
		};
		20AFC6E424AD650A0042AB86 /* Build configuration list for PBXNativeTarget "2020-07-01 Mob" */ = {
			isa = XCConfigurationList;
			buildConfigurations = (
				20AFC6E524AD650A0042AB86 /* Debug */,
				20AFC6E624AD650A0042AB86 /* Release */,
			);
			defaultConfigurationIsVisible = 0;
			defaultConfigurationName = Release;
		};
		20AFC6E724AD650A0042AB86 /* Build configuration list for PBXNativeTarget "2020-07-01 MobTests" */ = {
			isa = XCConfigurationList;
			buildConfigurations = (
				20AFC6E824AD650A0042AB86 /* Debug */,
				20AFC6E924AD650A0042AB86 /* Release */,
			);
			defaultConfigurationIsVisible = 0;
			defaultConfigurationName = Release;
		};
		20AFC6EA24AD650A0042AB86 /* Build configuration list for PBXNativeTarget "2020-07-01 MobUITests" */ = {
			isa = XCConfigurationList;
			buildConfigurations = (
				20AFC6EB24AD650A0042AB86 /* Debug */,
				20AFC6EC24AD650A0042AB86 /* Release */,
			);
			defaultConfigurationIsVisible = 0;
			defaultConfigurationName = Release;
		};
/* End XCConfigurationList section */

/* Begin XCVersionGroup section */
		20AFC6C324AD65070042AB86 /* _020_07_01_Mob.xcdatamodeld */ = {
			isa = XCVersionGroup;
			children = (
				20AFC6C424AD65070042AB86 /* _020_07_01_Mob.xcdatamodel */,
			);
			currentVersion = 20AFC6C424AD65070042AB86 /* _020_07_01_Mob.xcdatamodel */;
			path = _020_07_01_Mob.xcdatamodeld;
			sourceTree = "<group>";
			versionGroupType = wrapper.xcdatamodel;
		};
/* End XCVersionGroup section */
	};
	rootObject = 20AFC6AF24AD65070042AB86 /* Project object */;
}
